
Microsoft Visual Studio Solution File, Format Version 12.00
# Visual Studio 2013
VisualStudioVersion = 12.0.31101.0
MinimumVisualStudioVersion = 10.0.40219.1
Project("{2150E333-8FDC-42A3-9474-1A3956D46DE8}") = "01Database", "01Database", "{17F95508-0D39-4FCC-9879-E96292832582}"
EndProject
Project("{2150E333-8FDC-42A3-9474-1A3956D46DE8}") = "02Domain", "02Domain", "{9F3FE963-BBEB-4248-9DA4-331F31424308}"
EndProject
Project("{2150E333-8FDC-42A3-9474-1A3956D46DE8}") = "03Repository", "03Repository", "{77F39544-CBC9-4132-8639-E3E49AD72A47}"
EndProject
Project("{2150E333-8FDC-42A3-9474-1A3956D46DE8}") = "04Service", "04Service", "{9FC1B4EF-315C-4384-8D74-3D88837F269D}"
EndProject
Project("{FAE04EC0-301F-11D3-BF4B-00C04F79EFBC}") = "QSI.Domain", "QSI.Domain\QSI.Domain.csproj", "{6AB80E5F-C569-4B66-B43B-B9A65986F74D}"
EndProject
Project("{FAE04EC0-301F-11D3-BF4B-00C04F79EFBC}") = "QSI.Domain.Spec", "QSI.Domain.Spec\QSI.Domain.Spec.csproj", "{CDACAEEF-140C-4CBA-8207-CFB7A1AB958D}"
EndProject
Project("{FAE04EC0-301F-11D3-BF4B-00C04F79EFBC}") = "QSI.Domain.Factory", "QSI.Domain.Factory\QSI.Domain.Factory.csproj", "{5C71C70E-61FE-4CE1-8F52-1D66C9601D80}"
EndProject
Project("{FAE04EC0-301F-11D3-BF4B-00C04F79EFBC}") = "QSI.Data", "QSI.Data\QSI.Data.csproj", "{7B2CE44B-CCDB-4A04-B64D-D90B689A8F7E}"
EndProject
Project("{FAE04EC0-301F-11D3-BF4B-00C04F79EFBC}") = "QSI.Data.Spec", "QSI.Data.Spec\QSI.Data.Spec.csproj", "{846E14F4-B953-4CC7-8BD9-CFF1784C6ACC}"
EndProject
Project("{FAE04EC0-301F-11D3-BF4B-00C04F79EFBC}") = "QSI.Services", "QSI.Services\QSI.Services.csproj", "{DFBBA148-040C-46FC-B480-73378C4AA4A5}"
EndProject
Project("{FAE04EC0-301F-11D3-BF4B-00C04F79EFBC}") = "QSI.Services.Spec", "QSI.Services.Spec\QSI.Services.Spec.csproj", "{030B0A45-B01C-4E9D-8E67-E8AAE1EF1237}"
EndProject
Project("{2150E333-8FDC-42A3-9474-1A3956D46DE8}") = "05WCFRestService", "05WCFRestService", "{43FC04DF-5512-4886-965F-C4B57CD83317}"
EndProject
Project("{FAE04EC0-301F-11D3-BF4B-00C04F79EFBC}") = "QSI.WCF.Services", "QSI.WCF.Services\QSI.WCF.Services.csproj", "{467E246B-3814-43D8-ACB8-002AB1844ADD}"
EndProject
Project("{2150E333-8FDC-42A3-9474-1A3956D46DE8}") = "06UnitTests", "06UnitTests", "{712FCB08-690C-473E-91F5-3FF7F24968A0}"
EndProject
Project("{FAE04EC0-301F-11D3-BF4B-00C04F79EFBC}") = "QSIWCFServiceTest", "QSIWCFServiceTest\QSIWCFServiceTest.csproj", "{B66A9C0B-BD78-494E-BAA2-42F938AEC14D}"
EndProject
Global
	GlobalSection(SolutionConfigurationPlatforms) = preSolution
		Debug|Any CPU = Debug|Any CPU
		Release|Any CPU = Release|Any CPU
	EndGlobalSection
	GlobalSection(ProjectConfigurationPlatforms) = postSolution
		{6AB80E5F-C569-4B66-B43B-B9A65986F74D}.Debug|Any CPU.ActiveCfg = Debug|Any CPU
		{6AB80E5F-C569-4B66-B43B-B9A65986F74D}.Debug|Any CPU.Build.0 = Debug|Any CPU
		{6AB80E5F-C569-4B66-B43B-B9A65986F74D}.Release|Any CPU.ActiveCfg = Release|Any CPU
		{6AB80E5F-C569-4B66-B43B-B9A65986F74D}.Release|Any CPU.Build.0 = Release|Any CPU
		{CDACAEEF-140C-4CBA-8207-CFB7A1AB958D}.Debug|Any CPU.ActiveCfg = Debug|Any CPU
		{CDACAEEF-140C-4CBA-8207-CFB7A1AB958D}.Debug|Any CPU.Build.0 = Debug|Any CPU
		{CDACAEEF-140C-4CBA-8207-CFB7A1AB958D}.Release|Any CPU.ActiveCfg = Release|Any CPU
		{CDACAEEF-140C-4CBA-8207-CFB7A1AB958D}.Release|Any CPU.Build.0 = Release|Any CPU
		{5C71C70E-61FE-4CE1-8F52-1D66C9601D80}.Debug|Any CPU.ActiveCfg = Debug|Any CPU
		{5C71C70E-61FE-4CE1-8F52-1D66C9601D80}.Debug|Any CPU.Build.0 = Debug|Any CPU
		{5C71C70E-61FE-4CE1-8F52-1D66C9601D80}.Release|Any CPU.ActiveCfg = Release|Any CPU
		{5C71C70E-61FE-4CE1-8F52-1D66C9601D80}.Release|Any CPU.Build.0 = Release|Any CPU
		{7B2CE44B-CCDB-4A04-B64D-D90B689A8F7E}.Debug|Any CPU.ActiveCfg = Debug|Any CPU
		{7B2CE44B-CCDB-4A04-B64D-D90B689A8F7E}.Debug|Any CPU.Build.0 = Debug|Any CPU
		{7B2CE44B-CCDB-4A04-B64D-D90B689A8F7E}.Release|Any CPU.ActiveCfg = Release|Any CPU
		{7B2CE44B-CCDB-4A04-B64D-D90B689A8F7E}.Release|Any CPU.Build.0 = Release|Any CPU
		{846E14F4-B953-4CC7-8BD9-CFF1784C6ACC}.Debug|Any CPU.ActiveCfg = Debug|Any CPU
		{846E14F4-B953-4CC7-8BD9-CFF1784C6ACC}.Debug|Any CPU.Build.0 = Debug|Any CPU
		{846E14F4-B953-4CC7-8BD9-CFF1784C6ACC}.Release|Any CPU.ActiveCfg = Release|Any CPU
		{846E14F4-B953-4CC7-8BD9-CFF1784C6ACC}.Release|Any CPU.Build.0 = Release|Any CPU
		{DFBBA148-040C-46FC-B480-73378C4AA4A5}.Debug|Any CPU.ActiveCfg = Debug|Any CPU
		{DFBBA148-040C-46FC-B480-73378C4AA4A5}.Debug|Any CPU.Build.0 = Debug|Any CPU
		{DFBBA148-040C-46FC-B480-73378C4AA4A5}.Release|Any CPU.ActiveCfg = Release|Any CPU
		{DFBBA148-040C-46FC-B480-73378C4AA4A5}.Release|Any CPU.Build.0 = Release|Any CPU
		{030B0A45-B01C-4E9D-8E67-E8AAE1EF1237}.Debug|Any CPU.ActiveCfg = Debug|Any CPU
		{030B0A45-B01C-4E9D-8E67-E8AAE1EF1237}.Debug|Any CPU.Build.0 = Debug|Any CPU
		{030B0A45-B01C-4E9D-8E67-E8AAE1EF1237}.Release|Any CPU.ActiveCfg = Release|Any CPU
		{030B0A45-B01C-4E9D-8E67-E8AAE1EF1237}.Release|Any CPU.Build.0 = Release|Any CPU
		{467E246B-3814-43D8-ACB8-002AB1844ADD}.Debug|Any CPU.ActiveCfg = Debug|Any CPU
		{467E246B-3814-43D8-ACB8-002AB1844ADD}.Debug|Any CPU.Build.0 = Debug|Any CPU
		{467E246B-3814-43D8-ACB8-002AB1844ADD}.Release|Any CPU.ActiveCfg = Release|Any CPU
		{467E246B-3814-43D8-ACB8-002AB1844ADD}.Release|Any CPU.Build.0 = Release|Any CPU
		{B66A9C0B-BD78-494E-BAA2-42F938AEC14D}.Debug|Any CPU.ActiveCfg = Debug|Any CPU
		{B66A9C0B-BD78-494E-BAA2-42F938AEC14D}.Debug|Any CPU.Build.0 = Debug|Any CPU
		{B66A9C0B-BD78-494E-BAA2-42F938AEC14D}.Release|Any CPU.ActiveCfg = Release|Any CPU
		{B66A9C0B-BD78-494E-BAA2-42F938AEC14D}.Release|Any CPU.Build.0 = Release|Any CPU
	EndGlobalSection
	GlobalSection(SolutionProperties) = preSolution
		HideSolutionNode = FALSE
	EndGlobalSection
	GlobalSection(NestedProjects) = preSolution
		{6AB80E5F-C569-4B66-B43B-B9A65986F74D} = {9F3FE963-BBEB-4248-9DA4-331F31424308}
		{CDACAEEF-140C-4CBA-8207-CFB7A1AB958D} = {9F3FE963-BBEB-4248-9DA4-331F31424308}
		{5C71C70E-61FE-4CE1-8F52-1D66C9601D80} = {9F3FE963-BBEB-4248-9DA4-331F31424308}
		{7B2CE44B-CCDB-4A04-B64D-D90B689A8F7E} = {77F39544-CBC9-4132-8639-E3E49AD72A47}
		{846E14F4-B953-4CC7-8BD9-CFF1784C6ACC} = {77F39544-CBC9-4132-8639-E3E49AD72A47}
		{DFBBA148-040C-46FC-B480-73378C4AA4A5} = {9FC1B4EF-315C-4384-8D74-3D88837F269D}
		{030B0A45-B01C-4E9D-8E67-E8AAE1EF1237} = {9FC1B4EF-315C-4384-8D74-3D88837F269D}
		{467E246B-3814-43D8-ACB8-002AB1844ADD} = {43FC04DF-5512-4886-965F-C4B57CD83317}
		{B66A9C0B-BD78-494E-BAA2-42F938AEC14D} = {712FCB08-690C-473E-91F5-3FF7F24968A0}
	EndGlobalSection
EndGlobal
